// !$*UTF8*$!
{
	archiveVersion = 1;
	classes = {
	};
	objectVersion = 56;
	objects = {

/* Begin PBXBuildFile section */
		6B457F3F29EED01A00BB2F23 /* MoonshotSwiftUIApp.swift in Sources */ = {isa = PBXBuildFile; fileRef = 6B457F3E29EED01A00BB2F23 /* MoonshotSwiftUIApp.swift */; };
		6B457F4129EED01A00BB2F23 /* ContentView.swift in Sources */ = {isa = PBXBuildFile; fileRef = 6B457F4029EED01A00BB2F23 /* ContentView.swift */; };
		6B457F4329EED01C00BB2F23 /* Assets.xcassets in Resources */ = {isa = PBXBuildFile; fileRef = 6B457F4229EED01C00BB2F23 /* Assets.xcassets */; };
		6B457F4629EED01C00BB2F23 /* Preview Assets.xcassets in Resources */ = {isa = PBXBuildFile; fileRef = 6B457F4529EED01C00BB2F23 /* Preview Assets.xcassets */; };
		6B457F4E29EED53C00BB2F23 /* missions.json in Resources */ = {isa = PBXBuildFile; fileRef = 6B457F4C29EED53B00BB2F23 /* missions.json */; };
		6B457F4F29EED53C00BB2F23 /* astronauts.json in Resources */ = {isa = PBXBuildFile; fileRef = 6B457F4D29EED53B00BB2F23 /* astronauts.json */; };
		6B457F5129EED62400BB2F23 /* Astronaut.swift in Sources */ = {isa = PBXBuildFile; fileRef = 6B457F5029EED62400BB2F23 /* Astronaut.swift */; };
		6B457F5329EED9FB00BB2F23 /* Bundle+Extension.swift in Sources */ = {isa = PBXBuildFile; fileRef = 6B457F5229EED9FB00BB2F23 /* Bundle+Extension.swift */; };
		6B457F5529EFB6C400BB2F23 /* Mission.swift in Sources */ = {isa = PBXBuildFile; fileRef = 6B457F5429EFB6C400BB2F23 /* Mission.swift */; };
		6B457F5729EFC84400BB2F23 /* Color-Theme.swift in Sources */ = {isa = PBXBuildFile; fileRef = 6B457F5629EFC84400BB2F23 /* Color-Theme.swift */; };
		6B457F5929EFD57400BB2F23 /* MissionDetailView.swift in Sources */ = {isa = PBXBuildFile; fileRef = 6B457F5829EFD57400BB2F23 /* MissionDetailView.swift */; };
		6B457F5B29EFFBE400BB2F23 /* CustomDivider.swift in Sources */ = {isa = PBXBuildFile; fileRef = 6B457F5A29EFFBE400BB2F23 /* CustomDivider.swift */; };
		6B457F5D29EFFD1F00BB2F23 /* AstronautDetailView.swift in Sources */ = {isa = PBXBuildFile; fileRef = 6B457F5C29EFFD1F00BB2F23 /* AstronautDetailView.swift */; };
/* End PBXBuildFile section */

/* Begin PBXFileReference section */
		6B457F3B29EED01A00BB2F23 /* MoonshotSwiftUI.app */ = {isa = PBXFileReference; explicitFileType = wrapper.application; includeInIndex = 0; path = MoonshotSwiftUI.app; sourceTree = BUILT_PRODUCTS_DIR; };
		6B457F3E29EED01A00BB2F23 /* MoonshotSwiftUIApp.swift */ = {isa = PBXFileReference; lastKnownFileType = sourcecode.swift; path = MoonshotSwiftUIApp.swift; sourceTree = "<group>"; };
		6B457F4029EED01A00BB2F23 /* ContentView.swift */ = {isa = PBXFileReference; lastKnownFileType = sourcecode.swift; path = ContentView.swift; sourceTree = "<group>"; };
		6B457F4229EED01C00BB2F23 /* Assets.xcassets */ = {isa = PBXFileReference; lastKnownFileType = folder.assetcatalog; path = Assets.xcassets; sourceTree = "<group>"; };
		6B457F4529EED01C00BB2F23 /* Preview Assets.xcassets */ = {isa = PBXFileReference; lastKnownFileType = folder.assetcatalog; path = "Preview Assets.xcassets"; sourceTree = "<group>"; };
		6B457F4C29EED53B00BB2F23 /* missions.json */ = {isa = PBXFileReference; fileEncoding = 4; lastKnownFileType = text.json; path = missions.json; sourceTree = "<group>"; };
		6B457F4D29EED53B00BB2F23 /* astronauts.json */ = {isa = PBXFileReference; fileEncoding = 4; lastKnownFileType = text.json; path = astronauts.json; sourceTree = "<group>"; };
		6B457F5029EED62400BB2F23 /* Astronaut.swift */ = {isa = PBXFileReference; lastKnownFileType = sourcecode.swift; path = Astronaut.swift; sourceTree = "<group>"; };
		6B457F5229EED9FB00BB2F23 /* Bundle+Extension.swift */ = {isa = PBXFileReference; lastKnownFileType = sourcecode.swift; path = "Bundle+Extension.swift"; sourceTree = "<group>"; };
		6B457F5429EFB6C400BB2F23 /* Mission.swift */ = {isa = PBXFileReference; lastKnownFileType = sourcecode.swift; path = Mission.swift; sourceTree = "<group>"; };
		6B457F5629EFC84400BB2F23 /* Color-Theme.swift */ = {isa = PBXFileReference; lastKnownFileType = sourcecode.swift; path = "Color-Theme.swift"; sourceTree = "<group>"; };
		6B457F5829EFD57400BB2F23 /* MissionDetailView.swift */ = {isa = PBXFileReference; lastKnownFileType = sourcecode.swift; path = MissionDetailView.swift; sourceTree = "<group>"; };
		6B457F5A29EFFBE400BB2F23 /* CustomDivider.swift */ = {isa = PBXFileReference; lastKnownFileType = sourcecode.swift; path = CustomDivider.swift; sourceTree = "<group>"; };
		6B457F5C29EFFD1F00BB2F23 /* AstronautDetailView.swift */ = {isa = PBXFileReference; lastKnownFileType = sourcecode.swift; path = AstronautDetailView.swift; sourceTree = "<group>"; };
/* End PBXFileReference section */

/* Begin PBXFrameworksBuildPhase section */
		6B457F3829EED01A00BB2F23 /* Frameworks */ = {
			isa = PBXFrameworksBuildPhase;
			buildActionMask = 2147483647;
			files = (
			);
			runOnlyForDeploymentPostprocessing = 0;
		};
/* End PBXFrameworksBuildPhase section */

/* Begin PBXGroup section */
		6B457F3229EED01A00BB2F23 = {
			isa = PBXGroup;
			children = (
				6B457F3D29EED01A00BB2F23 /* MoonshotSwiftUI */,
				6B457F3C29EED01A00BB2F23 /* Products */,
			);
			sourceTree = "<group>";
		};
		6B457F3C29EED01A00BB2F23 /* Products */ = {
			isa = PBXGroup;
			children = (
				6B457F3B29EED01A00BB2F23 /* MoonshotSwiftUI.app */,
			);
			name = Products;
			sourceTree = "<group>";
		};
		6B457F3D29EED01A00BB2F23 /* MoonshotSwiftUI */ = {
			isa = PBXGroup;
			children = (
				6B457F3E29EED01A00BB2F23 /* MoonshotSwiftUIApp.swift */,
				6B457F5E29F00C1700BB2F23 /* Views */,
				6B457F5F29F00C2300BB2F23 /* Models */,
				6B457F6029F00C2E00BB2F23 /* Extensions */,
				6B457F6129F00C5800BB2F23 /* Jsons */,
				6B457F4229EED01C00BB2F23 /* Assets.xcassets */,
				6B457F4429EED01C00BB2F23 /* Preview Content */,
			);
			path = MoonshotSwiftUI;
			sourceTree = "<group>";
		};
		6B457F4429EED01C00BB2F23 /* Preview Content */ = {
			isa = PBXGroup;
			children = (
				6B457F4529EED01C00BB2F23 /* Preview Assets.xcassets */,
			);
			path = "Preview Content";
			sourceTree = "<group>";
		};
		6B457F5E29F00C1700BB2F23 /* Views */ = {
			isa = PBXGroup;
			children = (
				6B457F4029EED01A00BB2F23 /* ContentView.swift */,
				6B457F5829EFD57400BB2F23 /* MissionDetailView.swift */,
				6B457F5C29EFFD1F00BB2F23 /* AstronautDetailView.swift */,
				6B457F5A29EFFBE400BB2F23 /* CustomDivider.swift */,
			);
			path = Views;
			sourceTree = "<group>";
		};
		6B457F5F29F00C2300BB2F23 /* Models */ = {
			isa = PBXGroup;
			children = (
				6B457F5029EED62400BB2F23 /* Astronaut.swift */,
				6B457F5429EFB6C400BB2F23 /* Mission.swift */,
			);
			path = Models;
			sourceTree = "<group>";
		};
		6B457F6029F00C2E00BB2F23 /* Extensions */ = {
			isa = PBXGroup;
			children = (
				6B457F5229EED9FB00BB2F23 /* Bundle+Extension.swift */,
				6B457F5629EFC84400BB2F23 /* Color-Theme.swift */,
			);
			path = Extensions;
			sourceTree = "<group>";
		};
		6B457F6129F00C5800BB2F23 /* Jsons */ = {
			isa = PBXGroup;
			children = (
				6B457F4D29EED53B00BB2F23 /* astronauts.json */,
				6B457F4C29EED53B00BB2F23 /* missions.json */,
			);
			path = Jsons;
			sourceTree = "<group>";
		};
/* End PBXGroup section */

/* Begin PBXNativeTarget section */
		6B457F3A29EED01A00BB2F23 /* MoonshotSwiftUI */ = {
			isa = PBXNativeTarget;
			buildConfigurationList = 6B457F4929EED01C00BB2F23 /* Build configuration list for PBXNativeTarget "MoonshotSwiftUI" */;
			buildPhases = (
				6B457F3729EED01A00BB2F23 /* Sources */,
				6B457F3829EED01A00BB2F23 /* Frameworks */,
				6B457F3929EED01A00BB2F23 /* Resources */,
			);
			buildRules = (
			);
			dependencies = (
			);
			name = MoonshotSwiftUI;
			productName = MoonshotSwiftUI;
			productReference = 6B457F3B29EED01A00BB2F23 /* MoonshotSwiftUI.app */;
			productType = "com.apple.product-type.application";
		};
/* End PBXNativeTarget section */

/* Begin PBXProject section */
		6B457F3329EED01A00BB2F23 /* Project object */ = {
			isa = PBXProject;
			attributes = {
				BuildIndependentTargetsInParallel = 1;
				LastSwiftUpdateCheck = 1420;
				LastUpgradeCheck = 1420;
				TargetAttributes = {
					6B457F3A29EED01A00BB2F23 = {
						CreatedOnToolsVersion = 14.2;
					};
				};
			};
			buildConfigurationList = 6B457F3629EED01A00BB2F23 /* Build configuration list for PBXProject "MoonshotSwiftUI" */;
			compatibilityVersion = "Xcode 14.0";
			developmentRegion = en;
			hasScannedForEncodings = 0;
			knownRegions = (
				en,
				Base,
			);
			mainGroup = 6B457F3229EED01A00BB2F23;
			productRefGroup = 6B457F3C29EED01A00BB2F23 /* Products */;
			projectDirPath = "";
			projectRoot = "";
			targets = (
				6B457F3A29EED01A00BB2F23 /* MoonshotSwiftUI */,
			);
		};
/* End PBXProject section */

/* Begin PBXResourcesBuildPhase section */
		6B457F3929EED01A00BB2F23 /* Resources */ = {
			isa = PBXResourcesBuildPhase;
			buildActionMask = 2147483647;
			files = (
				6B457F4629EED01C00BB2F23 /* Preview Assets.xcassets in Resources */,
				6B457F4E29EED53C00BB2F23 /* missions.json in Resources */,
				6B457F4329EED01C00BB2F23 /* Assets.xcassets in Resources */,
				6B457F4F29EED53C00BB2F23 /* astronauts.json in Resources */,
			);
			runOnlyForDeploymentPostprocessing = 0;
		};
/* End PBXResourcesBuildPhase section */

/* Begin PBXSourcesBuildPhase section */
		6B457F3729EED01A00BB2F23 /* Sources */ = {
			isa = PBXSourcesBuildPhase;
			buildActionMask = 2147483647;
			files = (
				6B457F5B29EFFBE400BB2F23 /* CustomDivider.swift in Sources */,
				6B457F5D29EFFD1F00BB2F23 /* AstronautDetailView.swift in Sources */,
				6B457F5929EFD57400BB2F23 /* MissionDetailView.swift in Sources */,
				6B457F5129EED62400BB2F23 /* Astronaut.swift in Sources */,
				6B457F5729EFC84400BB2F23 /* Color-Theme.swift in Sources */,
				6B457F4129EED01A00BB2F23 /* ContentView.swift in Sources */,
				6B457F3F29EED01A00BB2F23 /* MoonshotSwiftUIApp.swift in Sources */,
				6B457F5529EFB6C400BB2F23 /* Mission.swift in Sources */,
				6B457F5329EED9FB00BB2F23 /* Bundle+Extension.swift in Sources */,
			);
			runOnlyForDeploymentPostprocessing = 0;
		};
/* End PBXSourcesBuildPhase section */

/* Begin XCBuildConfiguration section */
		6B457F4729EED01C00BB2F23 /* Debug */ = {
			isa = XCBuildConfiguration;
			buildSettings = {
				ALWAYS_SEARCH_USER_PATHS = NO;
				CLANG_ANALYZER_NONNULL = YES;
				CLANG_ANALYZER_NUMBER_OBJECT_CONVERSION = YES_AGGRESSIVE;
				CLANG_CXX_LANGUAGE_STANDARD = "gnu++20";
				CLANG_ENABLE_MODULES = YES;
				CLANG_ENABLE_OBJC_ARC = YES;
				CLANG_ENABLE_OBJC_WEAK = YES;
				CLANG_WARN_BLOCK_CAPTURE_AUTORELEASING = YES;
				CLANG_WARN_BOOL_CONVERSION = YES;
				CLANG_WARN_COMMA = YES;
				CLANG_WARN_CONSTANT_CONVERSION = YES;
				CLANG_WARN_DEPRECATED_OBJC_IMPLEMENTATIONS = YES;
				CLANG_WARN_DIRECT_OBJC_ISA_USAGE = YES_ERROR;
				CLANG_WARN_DOCUMENTATION_COMMENTS = YES;
				CLANG_WARN_EMPTY_BODY = YES;
				CLANG_WARN_ENUM_CONVERSION = YES;
				CLANG_WARN_INFINITE_RECURSION = YES;
				CLANG_WARN_INT_CONVERSION = YES;
				CLANG_WARN_NON_LITERAL_NULL_CONVERSION = YES;
				CLANG_WARN_OBJC_IMPLICIT_RETAIN_SELF = YES;
				CLANG_WARN_OBJC_LITERAL_CONVERSION = YES;
				CLANG_WARN_OBJC_ROOT_CLASS = YES_ERROR;
				CLANG_WARN_QUOTED_INCLUDE_IN_FRAMEWORK_HEADER = YES;
				CLANG_WARN_RANGE_LOOP_ANALYSIS = YES;
				CLANG_WARN_STRICT_PROTOTYPES = YES;
				CLANG_WARN_SUSPICIOUS_MOVE = YES;
				CLANG_WARN_UNGUARDED_AVAILABILITY = YES_AGGRESSIVE;
				CLANG_WARN_UNREACHABLE_CODE = YES;
				CLANG_WARN__DUPLICATE_METHOD_MATCH = YES;
				CODE_SIGN_IDENTITY = "Apple Development";
				CODE_SIGN_STYLE = Automatic;
				COPY_PHASE_STRIP = NO;
				DEBUG_INFORMATION_FORMAT = dwarf;
				"DEVELOPMENT_TEAM[sdk=*]" = "";
				ENABLE_STRICT_OBJC_MSGSEND = YES;
				ENABLE_TESTABILITY = YES;
				GCC_C_LANGUAGE_STANDARD = gnu11;
				GCC_DYNAMIC_NO_PIC = NO;
				GCC_NO_COMMON_BLOCKS = YES;
				GCC_OPTIMIZATION_LEVEL = 0;
				GCC_PREPROCESSOR_DEFINITIONS = (
					"DEBUG=1",
					"$(inherited)",
				);
				GCC_WARN_64_TO_32_BIT_CONVERSION = YES;
				GCC_WARN_ABOUT_RETURN_TYPE = YES_ERROR;
				GCC_WARN_UNDECLARED_SELECTOR = YES;
				GCC_WARN_UNINITIALIZED_AUTOS = YES_AGGRESSIVE;
				GCC_WARN_UNUSED_FUNCTION = YES;
				GCC_WARN_UNUSED_VARIABLE = YES;
				IPHONEOS_DEPLOYMENT_TARGET = 16.2;
				MTL_ENABLE_DEBUG_INFO = INCLUDE_SOURCE;
				MTL_FAST_MATH = YES;
				ONLY_ACTIVE_ARCH = YES;
				SDKROOT = iphoneos;
				SWIFT_ACTIVE_COMPILATION_CONDITIONS = DEBUG;
				SWIFT_OPTIMIZATION_LEVEL = "-Onone";
			};
			name = Debug;
		};
		6B457F4829EED01C00BB2F23 /* Release */ = {
			isa = XCBuildConfiguration;
			buildSettings = {
				ALWAYS_SEARCH_USER_PATHS = NO;
				CLANG_ANALYZER_NONNULL = YES;
				CLANG_ANALYZER_NUMBER_OBJECT_CONVERSION = YES_AGGRESSIVE;
				CLANG_CXX_LANGUAGE_STANDARD = "gnu++20";
				CLANG_ENABLE_MODULES = YES;
				CLANG_ENABLE_OBJC_ARC = YES;
				CLANG_ENABLE_OBJC_WEAK = YES;
				CLANG_WARN_BLOCK_CAPTURE_AUTORELEASING = YES;
				CLANG_WARN_BOOL_CONVERSION = YES;
				CLANG_WARN_COMMA = YES;
				CLANG_WARN_CONSTANT_CONVERSION = YES;
				CLANG_WARN_DEPRECATED_OBJC_IMPLEMENTATIONS = YES;
				CLANG_WARN_DIRECT_OBJC_ISA_USAGE = YES_ERROR;
				CLANG_WARN_DOCUMENTATION_COMMENTS = YES;
				CLANG_WARN_EMPTY_BODY = YES;
				CLANG_WARN_ENUM_CONVERSION = YES;
				CLANG_WARN_INFINITE_RECURSION = YES;
				CLANG_WARN_INT_CONVERSION = YES;
				CLANG_WARN_NON_LITERAL_NULL_CONVERSION = YES;
				CLANG_WARN_OBJC_IMPLICIT_RETAIN_SELF = YES;
				CLANG_WARN_OBJC_LITERAL_CONVERSION = YES;
				CLANG_WARN_OBJC_ROOT_CLASS = YES_ERROR;
				CLANG_WARN_QUOTED_INCLUDE_IN_FRAMEWORK_HEADER = YES;
				CLANG_WARN_RANGE_LOOP_ANALYSIS = YES;
				CLANG_WARN_STRICT_PROTOTYPES = YES;
				CLANG_WARN_SUSPICIOUS_MOVE = YES;
				CLANG_WARN_UNGUARDED_AVAILABILITY = YES_AGGRESSIVE;
				CLANG_WARN_UNREACHABLE_CODE = YES;
				CLANG_WARN__DUPLICATE_METHOD_MATCH = YES;
				CODE_SIGN_IDENTITY = "Apple Development";
				CODE_SIGN_STYLE = Automatic;
				COPY_PHASE_STRIP = NO;
				DEBUG_INFORMATION_FORMAT = "dwarf-with-dsym";
				ENABLE_NS_ASSERTIONS = NO;
				ENABLE_STRICT_OBJC_MSGSEND = YES;
				GCC_C_LANGUAGE_STANDARD = gnu11;
				GCC_NO_COMMON_BLOCKS = YES;
				GCC_WARN_64_TO_32_BIT_CONVERSION = YES;
				GCC_WARN_ABOUT_RETURN_TYPE = YES_ERROR;
				GCC_WARN_UNDECLARED_SELECTOR = YES;
				GCC_WARN_UNINITIALIZED_AUTOS = YES_AGGRESSIVE;
				GCC_WARN_UNUSED_FUNCTION = YES;
				GCC_WARN_UNUSED_VARIABLE = YES;
				IPHONEOS_DEPLOYMENT_TARGET = 16.2;
				MTL_ENABLE_DEBUG_INFO = NO;
				MTL_FAST_MATH = YES;
				SDKROOT = iphoneos;
				SWIFT_COMPILATION_MODE = wholemodule;
				SWIFT_OPTIMIZATION_LEVEL = "-O";
				VALIDATE_PRODUCT = YES;
			};
			name = Release;
		};
		6B457F4A29EED01C00BB2F23 /* Debug */ = {
			isa = XCBuildConfiguration;
			buildSettings = {
				ASSETCATALOG_COMPILER_APPICON_NAME = AppIcon;
				ASSETCATALOG_COMPILER_GLOBAL_ACCENT_COLOR_NAME = AccentColor;
				CODE_SIGN_IDENTITY = "iPhone Developer: Aravind Qburst (3S2SZC9T7W)";
				"CODE_SIGN_IDENTITY[sdk=iphoneos*]" = "iPhone Developer: Aravind Qburst (3S2SZC9T7W)";
				CODE_SIGN_STYLE = Manual;
				CURRENT_PROJECT_VERSION = 1;
				DEVELOPMENT_ASSET_PATHS = "\"MoonshotSwiftUI/Preview Content\"";
				DEVELOPMENT_TEAM = "";
				"DEVELOPMENT_TEAM[sdk=iphoneos*]" = RG2NWX3WD3;
				ENABLE_PREVIEWS = YES;
				GENERATE_INFOPLIST_FILE = YES;
				INFOPLIST_KEY_UIApplicationSceneManifest_Generation = YES;
				INFOPLIST_KEY_UIApplicationSupportsIndirectInputEvents = YES;
				INFOPLIST_KEY_UILaunchScreen_Generation = YES;
				INFOPLIST_KEY_UISupportedInterfaceOrientations_iPad = "UIInterfaceOrientationPortrait UIInterfaceOrientationPortraitUpsideDown UIInterfaceOrientationLandscapeLeft UIInterfaceOrientationLandscapeRight";
				INFOPLIST_KEY_UISupportedInterfaceOrientations_iPhone = "UIInterfaceOrientationPortrait UIInterfaceOrientationLandscapeLeft UIInterfaceOrientationLandscapeRight";
				LD_RUNPATH_SEARCH_PATHS = (
					"$(inherited)",
					"@executable_path/Frameworks",
				);
				MARKETING_VERSION = 1.0;
				PRODUCT_BUNDLE_IDENTIFIER = "com.clutcheldwl.-";
				PRODUCT_NAME = "$(TARGET_NAME)";
				PROVISIONING_PROFILE_SPECIFIER = "";
				"PROVISIONING_PROFILE_SPECIFIER[sdk=iphoneos*]" = "Clutch White Label Development Profile";
				SWIFT_EMIT_LOC_STRINGS = YES;
				SWIFT_VERSION = 5.0;
				TARGETED_DEVICE_FAMILY = "1,2";
			};
			name = Debug;
		};
		6B457F4B29EED01C00BB2F23 /* Release */ = {
			isa = XCBuildConfiguration;
			buildSettings = {
				ASSETCATALOG_COMPILER_APPICON_NAME = AppIcon;
				ASSETCATALOG_COMPILER_GLOBAL_ACCENT_COLOR_NAME = AccentColor;
				CODE_SIGN_IDENTITY = "iPhone Developer: Aravind Qburst (3S2SZC9T7W)";
				"CODE_SIGN_IDENTITY[sdk=iphoneos*]" = "iPhone Developer: Aravind Qburst (3S2SZC9T7W)";
				CODE_SIGN_STYLE = Manual;
				CURRENT_PROJECT_VERSION = 1;
				DEVELOPMENT_ASSET_PATHS = "\"MoonshotSwiftUI/Preview Content\"";
				DEVELOPMENT_TEAM = "";
				"DEVELOPMENT_TEAM[sdk=iphoneos*]" = RG2NWX3WD3;
				ENABLE_PREVIEWS = YES;
				GENERATE_INFOPLIST_FILE = YES;
				INFOPLIST_KEY_UIApplicationSceneManifest_Generation = YES;
				INFOPLIST_KEY_UIApplicationSupportsIndirectInputEvents = YES;
				INFOPLIST_KEY_UILaunchScreen_Generation = YES;
				INFOPLIST_KEY_UISupportedInterfaceOrientations_iPad = "UIInterfaceOrientationPortrait UIInterfaceOrientationPortraitUpsideDown UIInterfaceOrientationLandscapeLeft UIInterfaceOrientationLandscapeRight";
				INFOPLIST_KEY_UISupportedInterfaceOrientations_iPhone = "UIInterfaceOrientationPortrait UIInterfaceOrientationLandscapeLeft UIInterfaceOrientationLandscapeRight";
				LD_RUNPATH_SEARCH_PATHS = (
					"$(inherited)",
					"@executable_path/Frameworks",
				);
				MARKETING_VERSION = 1.0;
				PRODUCT_BUNDLE_IDENTIFIER = "com.clutcheldwl.-";
				PRODUCT_NAME = "$(TARGET_NAME)";
				PROVISIONING_PROFILE_SPECIFIER = "";
				"PROVISIONING_PROFILE_SPECIFIER[sdk=iphoneos*]" = "Clutch White Label Development Profile";
				SWIFT_EMIT_LOC_STRINGS = YES;
				SWIFT_VERSION = 5.0;
				TARGETED_DEVICE_FAMILY = "1,2";
			};
			name = Release;
		};
/* End XCBuildConfiguration section */

/* Begin XCConfigurationList section */
		6B457F3629EED01A00BB2F23 /* Build configuration list for PBXProject "MoonshotSwiftUI" */ = {
			isa = XCConfigurationList;
			buildConfigurations = (
				6B457F4729EED01C00BB2F23 /* Debug */,
				6B457F4829EED01C00BB2F23 /* Release */,
			);
			defaultConfigurationIsVisible = 0;
			defaultConfigurationName = Release;
		};
		6B457F4929EED01C00BB2F23 /* Build configuration list for PBXNativeTarget "MoonshotSwiftUI" */ = {
			isa = XCConfigurationList;
			buildConfigurations = (
				6B457F4A29EED01C00BB2F23 /* Debug */,
				6B457F4B29EED01C00BB2F23 /* Release */,
			);
			defaultConfigurationIsVisible = 0;
			defaultConfigurationName = Release;
		};
/* End XCConfigurationList section */
	};
	rootObject = 6B457F3329EED01A00BB2F23 /* Project object */;
}
